// !$*UTF8*$!
{
	archiveVersion = 1;
	classes = {
	};
	objectVersion = 56;
	objects = {

/* Begin PBXBuildFile section */
		DC07A3EB295E27C100D5486D /* QuoteViewModel.swift in Sources */ = {isa = PBXBuildFile; fileRef = DC07A3EA295E27C100D5486D /* QuoteViewModel.swift */; };
		DC18B3A429548D6A003F2DD3 /* AppDelegate.swift in Sources */ = {isa = PBXBuildFile; fileRef = DC18B3A329548D6A003F2DD3 /* AppDelegate.swift */; };
		DC18B3A629548D6A003F2DD3 /* SceneDelegate.swift in Sources */ = {isa = PBXBuildFile; fileRef = DC18B3A529548D6A003F2DD3 /* SceneDelegate.swift */; };
		DC18B3A829548D6A003F2DD3 /* QuoteViewController.swift in Sources */ = {isa = PBXBuildFile; fileRef = DC18B3A729548D6A003F2DD3 /* QuoteViewController.swift */; };
		DC18B3AB29548D6A003F2DD3 /* Main.storyboard in Resources */ = {isa = PBXBuildFile; fileRef = DC18B3A929548D6A003F2DD3 /* Main.storyboard */; };
		DC18B3AD29548D6D003F2DD3 /* Assets.xcassets in Resources */ = {isa = PBXBuildFile; fileRef = DC18B3AC29548D6D003F2DD3 /* Assets.xcassets */; };
		DC18B3B029548D6D003F2DD3 /* LaunchScreen.storyboard in Resources */ = {isa = PBXBuildFile; fileRef = DC18B3AE29548D6D003F2DD3 /* LaunchScreen.storyboard */; };
		DC84A5962954CF5200A8F090 /* Quote.swift in Sources */ = {isa = PBXBuildFile; fileRef = DC84A5952954CF5200A8F090 /* Quote.swift */; };
		DC84A59C2955C87900A8F090 /* APIManager+APIError+Constants.swift in Sources */ = {isa = PBXBuildFile; fileRef = DC84A59B2955C87900A8F090 /* APIManager+APIError+Constants.swift */; };
		DC84A59F2955CB2D00A8F090 /* APIManager.swift in Sources */ = {isa = PBXBuildFile; fileRef = DC84A59E2955CB2D00A8F090 /* APIManager.swift */; };
		DC84A5A22955CFE300A8F090 /* QuoteService.swift in Sources */ = {isa = PBXBuildFile; fileRef = DC84A5A12955CFE300A8F090 /* QuoteService.swift */; };
		DC907834297806DD00D71DB0 /* ToggleViewController.swift in Sources */ = {isa = PBXBuildFile; fileRef = DC907833297806DD00D71DB0 /* ToggleViewController.swift */; };
		DC907836297806EB00D71DB0 /* ToggleViewModel.swift in Sources */ = {isa = PBXBuildFile; fileRef = DC907835297806EB00D71DB0 /* ToggleViewModel.swift */; };
/* End PBXBuildFile section */

/* Begin PBXFileReference section */
		DC07A3EA295E27C100D5486D /* QuoteViewModel.swift */ = {isa = PBXFileReference; lastKnownFileType = sourcecode.swift; path = QuoteViewModel.swift; sourceTree = "<group>"; };
		DC18B3A029548D6A003F2DD3 /* Combine-MVVM-Demo.app */ = {isa = PBXFileReference; explicitFileType = wrapper.application; includeInIndex = 0; path = "Combine-MVVM-Demo.app"; sourceTree = BUILT_PRODUCTS_DIR; };
		DC18B3A329548D6A003F2DD3 /* AppDelegate.swift */ = {isa = PBXFileReference; lastKnownFileType = sourcecode.swift; path = AppDelegate.swift; sourceTree = "<group>"; };
		DC18B3A529548D6A003F2DD3 /* SceneDelegate.swift */ = {isa = PBXFileReference; lastKnownFileType = sourcecode.swift; path = SceneDelegate.swift; sourceTree = "<group>"; };
		DC18B3A729548D6A003F2DD3 /* QuoteViewController.swift */ = {isa = PBXFileReference; lastKnownFileType = sourcecode.swift; path = QuoteViewController.swift; sourceTree = "<group>"; };
		DC18B3AA29548D6A003F2DD3 /* Base */ = {isa = PBXFileReference; lastKnownFileType = file.storyboard; name = Base; path = Base.lproj/Main.storyboard; sourceTree = "<group>"; };
		DC18B3AC29548D6D003F2DD3 /* Assets.xcassets */ = {isa = PBXFileReference; lastKnownFileType = folder.assetcatalog; path = Assets.xcassets; sourceTree = "<group>"; };
		DC18B3AF29548D6D003F2DD3 /* Base */ = {isa = PBXFileReference; lastKnownFileType = file.storyboard; name = Base; path = Base.lproj/LaunchScreen.storyboard; sourceTree = "<group>"; };
		DC18B3B129548D6D003F2DD3 /* Info.plist */ = {isa = PBXFileReference; lastKnownFileType = text.plist.xml; path = Info.plist; sourceTree = "<group>"; };
		DC84A5952954CF5200A8F090 /* Quote.swift */ = {isa = PBXFileReference; lastKnownFileType = sourcecode.swift; path = Quote.swift; sourceTree = "<group>"; };
		DC84A59B2955C87900A8F090 /* APIManager+APIError+Constants.swift */ = {isa = PBXFileReference; lastKnownFileType = sourcecode.swift; path = "APIManager+APIError+Constants.swift"; sourceTree = "<group>"; };
		DC84A59E2955CB2D00A8F090 /* APIManager.swift */ = {isa = PBXFileReference; lastKnownFileType = sourcecode.swift; path = APIManager.swift; sourceTree = "<group>"; };
		DC84A5A12955CFE300A8F090 /* QuoteService.swift */ = {isa = PBXFileReference; lastKnownFileType = sourcecode.swift; path = QuoteService.swift; sourceTree = "<group>"; };
		DC907833297806DD00D71DB0 /* ToggleViewController.swift */ = {isa = PBXFileReference; lastKnownFileType = sourcecode.swift; path = ToggleViewController.swift; sourceTree = "<group>"; };
		DC907835297806EB00D71DB0 /* ToggleViewModel.swift */ = {isa = PBXFileReference; lastKnownFileType = sourcecode.swift; path = ToggleViewModel.swift; sourceTree = "<group>"; };
/* End PBXFileReference section */

/* Begin PBXFrameworksBuildPhase section */
		DC18B39D29548D6A003F2DD3 /* Frameworks */ = {
			isa = PBXFrameworksBuildPhase;
			buildActionMask = 2147483647;
			files = (
			);
			runOnlyForDeploymentPostprocessing = 0;
		};
/* End PBXFrameworksBuildPhase section */

/* Begin PBXGroup section */
		DC18B39729548D6A003F2DD3 = {
			isa = PBXGroup;
			children = (
				DC18B3A229548D6A003F2DD3 /* Combine-MVVM-Demo */,
				DC18B3A129548D6A003F2DD3 /* Products */,
			);
			sourceTree = "<group>";
		};
		DC18B3A129548D6A003F2DD3 /* Products */ = {
			isa = PBXGroup;
			children = (
				DC18B3A029548D6A003F2DD3 /* Combine-MVVM-Demo.app */,
			);
			name = Products;
			sourceTree = "<group>";
		};
		DC18B3A229548D6A003F2DD3 /* Combine-MVVM-Demo */ = {
			isa = PBXGroup;
			children = (
				DC18B3BA29548E71003F2DD3 /* Assets */,
				DC18B3B729548E45003F2DD3 /* Delegates */,
				DC84A59A2955C84300A8F090 /* Extensions */,
				DC18B3B129548D6D003F2DD3 /* Info.plist */,
				DC84A59D2955CAAB00A8F090 /* Managers */,
				DC84A5942954CF4100A8F090 /* Models */,
				DC84A5A42955D14800A8F090 /* Modules */,
				DC84A5A02955CFCD00A8F090 /* Services */,
				DC18B3B929548E5D003F2DD3 /* Storyboards */,
			);
			path = "Combine-MVVM-Demo";
			sourceTree = "<group>";
		};
		DC18B3B729548E45003F2DD3 /* Delegates */ = {
			isa = PBXGroup;
			children = (
				DC18B3A329548D6A003F2DD3 /* AppDelegate.swift */,
				DC18B3A529548D6A003F2DD3 /* SceneDelegate.swift */,
			);
			path = Delegates;
			sourceTree = "<group>";
		};
		DC18B3B929548E5D003F2DD3 /* Storyboards */ = {
			isa = PBXGroup;
			children = (
				DC18B3A929548D6A003F2DD3 /* Main.storyboard */,
				DC18B3AE29548D6D003F2DD3 /* LaunchScreen.storyboard */,
			);
			path = Storyboards;
			sourceTree = "<group>";
		};
		DC18B3BA29548E71003F2DD3 /* Assets */ = {
			isa = PBXGroup;
			children = (
				DC18B3AC29548D6D003F2DD3 /* Assets.xcassets */,
			);
			path = Assets;
			sourceTree = "<group>";
		};
		DC84A5942954CF4100A8F090 /* Models */ = {
			isa = PBXGroup;
			children = (
				DC84A5952954CF5200A8F090 /* Quote.swift */,
			);
			path = Models;
			sourceTree = "<group>";
		};
		DC84A59A2955C84300A8F090 /* Extensions */ = {
			isa = PBXGroup;
			children = (
				DC84A59B2955C87900A8F090 /* APIManager+APIError+Constants.swift */,
			);
			path = Extensions;
			sourceTree = "<group>";
		};
		DC84A59D2955CAAB00A8F090 /* Managers */ = {
			isa = PBXGroup;
			children = (
				DC84A59E2955CB2D00A8F090 /* APIManager.swift */,
			);
			path = Managers;
			sourceTree = "<group>";
		};
		DC84A5A02955CFCD00A8F090 /* Services */ = {
			isa = PBXGroup;
			children = (
				DC84A5A12955CFE300A8F090 /* QuoteService.swift */,
			);
			path = Services;
			sourceTree = "<group>";
		};
		DC84A5A42955D14800A8F090 /* Modules */ = {
			isa = PBXGroup;
			children = (
				DC84A5A52955D16700A8F090 /* Quote */,
				DC907832297806BE00D71DB0 /* Toggle */,
			);
			path = Modules;
			sourceTree = "<group>";
		};
		DC84A5A52955D16700A8F090 /* Quote */ = {
			isa = PBXGroup;
			children = (
				DC18B3A729548D6A003F2DD3 /* QuoteViewController.swift */,
				DC07A3EA295E27C100D5486D /* QuoteViewModel.swift */,
			);
			path = Quote;
			sourceTree = "<group>";
		};
		DC907832297806BE00D71DB0 /* Toggle */ = {
			isa = PBXGroup;
			children = (
				DC907833297806DD00D71DB0 /* ToggleViewController.swift */,
				DC907835297806EB00D71DB0 /* ToggleViewModel.swift */,
			);
			path = Toggle;
			sourceTree = "<group>";
		};
/* End PBXGroup section */

/* Begin PBXNativeTarget section */
		DC18B39F29548D6A003F2DD3 /* Combine-MVVM-Demo */ = {
			isa = PBXNativeTarget;
			buildConfigurationList = DC18B3B429548D6D003F2DD3 /* Build configuration list for PBXNativeTarget "Combine-MVVM-Demo" */;
			buildPhases = (
				DC18B39C29548D6A003F2DD3 /* Sources */,
				DC18B39D29548D6A003F2DD3 /* Frameworks */,
				DC18B39E29548D6A003F2DD3 /* Resources */,
				DC18B3BB29548F7B003F2DD3 /* ShellScript */,
			);
			buildRules = (
			);
			dependencies = (
			);
			name = "Combine-MVVM-Demo";
			productName = "Combine-MVVM-Demo";
			productReference = DC18B3A029548D6A003F2DD3 /* Combine-MVVM-Demo.app */;
			productType = "com.apple.product-type.application";
		};
/* End PBXNativeTarget section */

/* Begin PBXProject section */
		DC18B39829548D6A003F2DD3 /* Project object */ = {
			isa = PBXProject;
			attributes = {
				BuildIndependentTargetsInParallel = 1;
				LastSwiftUpdateCheck = 1420;
				LastUpgradeCheck = 1420;
				TargetAttributes = {
					DC18B39F29548D6A003F2DD3 = {
						CreatedOnToolsVersion = 14.2;
					};
				};
			};
			buildConfigurationList = DC18B39B29548D6A003F2DD3 /* Build configuration list for PBXProject "Combine-MVVM-Demo" */;
			compatibilityVersion = "Xcode 14.0";
			developmentRegion = en;
			hasScannedForEncodings = 0;
			knownRegions = (
				en,
				Base,
			);
			mainGroup = DC18B39729548D6A003F2DD3;
			productRefGroup = DC18B3A129548D6A003F2DD3 /* Products */;
			projectDirPath = "";
			projectRoot = "";
			targets = (
				DC18B39F29548D6A003F2DD3 /* Combine-MVVM-Demo */,
			);
		};
/* End PBXProject section */

/* Begin PBXResourcesBuildPhase section */
		DC18B39E29548D6A003F2DD3 /* Resources */ = {
			isa = PBXResourcesBuildPhase;
			buildActionMask = 2147483647;
			files = (
				DC18B3B029548D6D003F2DD3 /* LaunchScreen.storyboard in Resources */,
				DC18B3AD29548D6D003F2DD3 /* Assets.xcassets in Resources */,
				DC18B3AB29548D6A003F2DD3 /* Main.storyboard in Resources */,
			);
			runOnlyForDeploymentPostprocessing = 0;
		};
/* End PBXResourcesBuildPhase section */

/* Begin PBXShellScriptBuildPhase section */
		DC18B3BB29548F7B003F2DD3 /* ShellScript */ = {
			isa = PBXShellScriptBuildPhase;
			alwaysOutOfDate = 1;
			buildActionMask = 2147483647;
			files = (
			);
			inputFileListPaths = (
			);
			inputPaths = (
			);
			outputFileListPaths = (
			);
			outputPaths = (
			);
			runOnlyForDeploymentPostprocessing = 0;
			shellPath = /bin/sh;
			shellScript = "if test -d \"/opt/homebrew/bin/\"; then\n  PATH=\"/opt/homebrew/bin/:${PATH}\"\nfi\n\nexport PATH\n\nif which swiftlint >/dev/null; then\n  swiftlint\nelse\n  echo \"warning: SwiftLint not installed, download from https://github.com/realm/SwiftLint\"\nfi\n";
		};
/* End PBXShellScriptBuildPhase section */

/* Begin PBXSourcesBuildPhase section */
		DC18B39C29548D6A003F2DD3 /* Sources */ = {
			isa = PBXSourcesBuildPhase;
			buildActionMask = 2147483647;
			files = (
				DC84A5A22955CFE300A8F090 /* QuoteService.swift in Sources */,
				DC07A3EB295E27C100D5486D /* QuoteViewModel.swift in Sources */,
				DC84A59F2955CB2D00A8F090 /* APIManager.swift in Sources */,
				DC907834297806DD00D71DB0 /* ToggleViewController.swift in Sources */,
				DC84A5962954CF5200A8F090 /* Quote.swift in Sources */,
				DC84A59C2955C87900A8F090 /* APIManager+APIError+Constants.swift in Sources */,
				DC907836297806EB00D71DB0 /* ToggleViewModel.swift in Sources */,
				DC18B3A829548D6A003F2DD3 /* QuoteViewController.swift in Sources */,
				DC18B3A429548D6A003F2DD3 /* AppDelegate.swift in Sources */,
				DC18B3A629548D6A003F2DD3 /* SceneDelegate.swift in Sources */,
			);
			runOnlyForDeploymentPostprocessing = 0;
		};
/* End PBXSourcesBuildPhase section */

/* Begin PBXVariantGroup section */
		DC18B3A929548D6A003F2DD3 /* Main.storyboard */ = {
			isa = PBXVariantGroup;
			children = (
				DC18B3AA29548D6A003F2DD3 /* Base */,
			);
			name = Main.storyboard;
			sourceTree = "<group>";
		};
		DC18B3AE29548D6D003F2DD3 /* LaunchScreen.storyboard */ = {
			isa = PBXVariantGroup;
			children = (
				DC18B3AF29548D6D003F2DD3 /* Base */,
			);
			name = LaunchScreen.storyboard;
			sourceTree = "<group>";
		};
/* End PBXVariantGroup section */

/* Begin XCBuildConfiguration section */
		DC18B3B229548D6D003F2DD3 /* Debug */ = {
			isa = XCBuildConfiguration;
			buildSettings = {
				ALWAYS_SEARCH_USER_PATHS = NO;
				CLANG_ANALYZER_NONNULL = YES;
				CLANG_ANALYZER_NUMBER_OBJECT_CONVERSION = YES_AGGRESSIVE;
				CLANG_CXX_LANGUAGE_STANDARD = "gnu++20";
				CLANG_ENABLE_MODULES = YES;
				CLANG_ENABLE_OBJC_ARC = YES;
				CLANG_ENABLE_OBJC_WEAK = YES;
				CLANG_WARN_BLOCK_CAPTURE_AUTORELEASING = YES;
				CLANG_WARN_BOOL_CONVERSION = YES;
				CLANG_WARN_COMMA = YES;
				CLANG_WARN_CONSTANT_CONVERSION = YES;
				CLANG_WARN_DEPRECATED_OBJC_IMPLEMENTATIONS = YES;
				CLANG_WARN_DIRECT_OBJC_ISA_USAGE = YES_ERROR;
				CLANG_WARN_DOCUMENTATION_COMMENTS = YES;
				CLANG_WARN_EMPTY_BODY = YES;
				CLANG_WARN_ENUM_CONVERSION = YES;
				CLANG_WARN_INFINITE_RECURSION = YES;
				CLANG_WARN_INT_CONVERSION = YES;
				CLANG_WARN_NON_LITERAL_NULL_CONVERSION = YES;
				CLANG_WARN_OBJC_IMPLICIT_RETAIN_SELF = YES;
				CLANG_WARN_OBJC_LITERAL_CONVERSION = YES;
				CLANG_WARN_OBJC_ROOT_CLASS = YES_ERROR;
				CLANG_WARN_QUOTED_INCLUDE_IN_FRAMEWORK_HEADER = YES;
				CLANG_WARN_RANGE_LOOP_ANALYSIS = YES;
				CLANG_WARN_STRICT_PROTOTYPES = YES;
				CLANG_WARN_SUSPICIOUS_MOVE = YES;
				CLANG_WARN_UNGUARDED_AVAILABILITY = YES_AGGRESSIVE;
				CLANG_WARN_UNREACHABLE_CODE = YES;
				CLANG_WARN__DUPLICATE_METHOD_MATCH = YES;
				COPY_PHASE_STRIP = NO;
				DEBUG_INFORMATION_FORMAT = dwarf;
				ENABLE_STRICT_OBJC_MSGSEND = YES;
				ENABLE_TESTABILITY = YES;
				GCC_C_LANGUAGE_STANDARD = gnu11;
				GCC_DYNAMIC_NO_PIC = NO;
				GCC_NO_COMMON_BLOCKS = YES;
				GCC_OPTIMIZATION_LEVEL = 0;
				GCC_PREPROCESSOR_DEFINITIONS = (
					"DEBUG=1",
					"$(inherited)",
				);
				GCC_WARN_64_TO_32_BIT_CONVERSION = YES;
				GCC_WARN_ABOUT_RETURN_TYPE = YES_ERROR;
				GCC_WARN_UNDECLARED_SELECTOR = YES;
				GCC_WARN_UNINITIALIZED_AUTOS = YES_AGGRESSIVE;
				GCC_WARN_UNUSED_FUNCTION = YES;
				GCC_WARN_UNUSED_VARIABLE = YES;
				IPHONEOS_DEPLOYMENT_TARGET = 16.2;
				MTL_ENABLE_DEBUG_INFO = INCLUDE_SOURCE;
				MTL_FAST_MATH = YES;
				ONLY_ACTIVE_ARCH = YES;
				SDKROOT = iphoneos;
				SWIFT_ACTIVE_COMPILATION_CONDITIONS = DEBUG;
				SWIFT_OPTIMIZATION_LEVEL = "-Onone";
			};
			name = Debug;
		};
		DC18B3B329548D6D003F2DD3 /* Release */ = {
			isa = XCBuildConfiguration;
			buildSettings = {
				ALWAYS_SEARCH_USER_PATHS = NO;
				CLANG_ANALYZER_NONNULL = YES;
				CLANG_ANALYZER_NUMBER_OBJECT_CONVERSION = YES_AGGRESSIVE;
				CLANG_CXX_LANGUAGE_STANDARD = "gnu++20";
				CLANG_ENABLE_MODULES = YES;
				CLANG_ENABLE_OBJC_ARC = YES;
				CLANG_ENABLE_OBJC_WEAK = YES;
				CLANG_WARN_BLOCK_CAPTURE_AUTORELEASING = YES;
				CLANG_WARN_BOOL_CONVERSION = YES;
				CLANG_WARN_COMMA = YES;
				CLANG_WARN_CONSTANT_CONVERSION = YES;
				CLANG_WARN_DEPRECATED_OBJC_IMPLEMENTATIONS = YES;
				CLANG_WARN_DIRECT_OBJC_ISA_USAGE = YES_ERROR;
				CLANG_WARN_DOCUMENTATION_COMMENTS = YES;
				CLANG_WARN_EMPTY_BODY = YES;
				CLANG_WARN_ENUM_CONVERSION = YES;
				CLANG_WARN_INFINITE_RECURSION = YES;
				CLANG_WARN_INT_CONVERSION = YES;
				CLANG_WARN_NON_LITERAL_NULL_CONVERSION = YES;
				CLANG_WARN_OBJC_IMPLICIT_RETAIN_SELF = YES;
				CLANG_WARN_OBJC_LITERAL_CONVERSION = YES;
				CLANG_WARN_OBJC_ROOT_CLASS = YES_ERROR;
				CLANG_WARN_QUOTED_INCLUDE_IN_FRAMEWORK_HEADER = YES;
				CLANG_WARN_RANGE_LOOP_ANALYSIS = YES;
				CLANG_WARN_STRICT_PROTOTYPES = YES;
				CLANG_WARN_SUSPICIOUS_MOVE = YES;
				CLANG_WARN_UNGUARDED_AVAILABILITY = YES_AGGRESSIVE;
				CLANG_WARN_UNREACHABLE_CODE = YES;
				CLANG_WARN__DUPLICATE_METHOD_MATCH = YES;
				COPY_PHASE_STRIP = NO;
				DEBUG_INFORMATION_FORMAT = "dwarf-with-dsym";
				ENABLE_NS_ASSERTIONS = NO;
				ENABLE_STRICT_OBJC_MSGSEND = YES;
				GCC_C_LANGUAGE_STANDARD = gnu11;
				GCC_NO_COMMON_BLOCKS = YES;
				GCC_WARN_64_TO_32_BIT_CONVERSION = YES;
				GCC_WARN_ABOUT_RETURN_TYPE = YES_ERROR;
				GCC_WARN_UNDECLARED_SELECTOR = YES;
				GCC_WARN_UNINITIALIZED_AUTOS = YES_AGGRESSIVE;
				GCC_WARN_UNUSED_FUNCTION = YES;
				GCC_WARN_UNUSED_VARIABLE = YES;
				IPHONEOS_DEPLOYMENT_TARGET = 16.2;
				MTL_ENABLE_DEBUG_INFO = NO;
				MTL_FAST_MATH = YES;
				SDKROOT = iphoneos;
				SWIFT_COMPILATION_MODE = wholemodule;
				SWIFT_OPTIMIZATION_LEVEL = "-O";
				VALIDATE_PRODUCT = YES;
			};
			name = Release;
		};
		DC18B3B529548D6D003F2DD3 /* Debug */ = {
			isa = XCBuildConfiguration;
			buildSettings = {
				ASSETCATALOG_COMPILER_APPICON_NAME = AppIcon;
				ASSETCATALOG_COMPILER_GLOBAL_ACCENT_COLOR_NAME = AccentColor;
				CODE_SIGN_STYLE = Automatic;
				CURRENT_PROJECT_VERSION = 1;
				DEVELOPMENT_TEAM = 88RH8RT76F;
				GENERATE_INFOPLIST_FILE = YES;
				INFOPLIST_FILE = "Combine-MVVM-Demo/Info.plist";
				INFOPLIST_KEY_UIApplicationSupportsIndirectInputEvents = YES;
				INFOPLIST_KEY_UILaunchStoryboardName = LaunchScreen;
				INFOPLIST_KEY_UIMainStoryboardFile = Main;
				INFOPLIST_KEY_UISupportedInterfaceOrientations_iPad = "UIInterfaceOrientationPortrait UIInterfaceOrientationPortraitUpsideDown UIInterfaceOrientationLandscapeLeft UIInterfaceOrientationLandscapeRight";
				INFOPLIST_KEY_UISupportedInterfaceOrientations_iPhone = "UIInterfaceOrientationPortrait UIInterfaceOrientationLandscapeLeft UIInterfaceOrientationLandscapeRight";
				IPHONEOS_DEPLOYMENT_TARGET = 15.0;
				LD_RUNPATH_SEARCH_PATHS = (
					"$(inherited)",
					"@executable_path/Frameworks",
				);
				MARKETING_VERSION = 1.0;
				PRODUCT_BUNDLE_IDENTIFIER = "AnatoliStepanuke.Combine-MVVM-Demo";
				PRODUCT_NAME = "$(TARGET_NAME)";
				SUPPORTED_PLATFORMS = "iphoneos iphonesimulator";
				SUPPORTS_MACCATALYST = NO;
				SUPPORTS_MAC_DESIGNED_FOR_IPHONE_IPAD = YES;
				SWIFT_EMIT_LOC_STRINGS = YES;
				SWIFT_VERSION = 5.0;
				TARGETED_DEVICE_FAMILY = 1;
			};
			name = Debug;
		};
		DC18B3B629548D6D003F2DD3 /* Release */ = {
			isa = XCBuildConfiguration;
			buildSettings = {
				ASSETCATALOG_COMPILER_APPICON_NAME = AppIcon;
				ASSETCATALOG_COMPILER_GLOBAL_ACCENT_COLOR_NAME = AccentColor;
				CODE_SIGN_STYLE = Automatic;
				CURRENT_PROJECT_VERSION = 1;
				DEVELOPMENT_TEAM = 88RH8RT76F;
				GENERATE_INFOPLIST_FILE = YES;
				INFOPLIST_FILE = "Combine-MVVM-Demo/Info.plist";
				INFOPLIST_KEY_UIApplicationSupportsIndirectInputEvents = YES;
				INFOPLIST_KEY_UILaunchStoryboardName = LaunchScreen;
				INFOPLIST_KEY_UIMainStoryboardFile = Main;
				INFOPLIST_KEY_UISupportedInterfaceOrientations_iPad = "UIInterfaceOrientationPortrait UIInterfaceOrientationPortraitUpsideDown UIInterfaceOrientationLandscapeLeft UIInterfaceOrientationLandscapeRight";
				INFOPLIST_KEY_UISupportedInterfaceOrientations_iPhone = "UIInterfaceOrientationPortrait UIInterfaceOrientationLandscapeLeft UIInterfaceOrientationLandscapeRight";
				IPHONEOS_DEPLOYMENT_TARGET = 15.0;
				LD_RUNPATH_SEARCH_PATHS = (
					"$(inherited)",
					"@executable_path/Frameworks",
				);
				MARKETING_VERSION = 1.0;
				PRODUCT_BUNDLE_IDENTIFIER = "AnatoliStepanuke.Combine-MVVM-Demo";
				PRODUCT_NAME = "$(TARGET_NAME)";
				SUPPORTED_PLATFORMS = "iphoneos iphonesimulator";
				SUPPORTS_MACCATALYST = NO;
				SUPPORTS_MAC_DESIGNED_FOR_IPHONE_IPAD = YES;
				SWIFT_EMIT_LOC_STRINGS = YES;
				SWIFT_VERSION = 5.0;
				TARGETED_DEVICE_FAMILY = 1;
			};
			name = Release;
		};
/* End XCBuildConfiguration section */

/* Begin XCConfigurationList section */
		DC18B39B29548D6A003F2DD3 /* Build configuration list for PBXProject "Combine-MVVM-Demo" */ = {
			isa = XCConfigurationList;
			buildConfigurations = (
				DC18B3B229548D6D003F2DD3 /* Debug */,
				DC18B3B329548D6D003F2DD3 /* Release */,
			);
			defaultConfigurationIsVisible = 0;
			defaultConfigurationName = Release;
		};
		DC18B3B429548D6D003F2DD3 /* Build configuration list for PBXNativeTarget "Combine-MVVM-Demo" */ = {
			isa = XCConfigurationList;
			buildConfigurations = (
				DC18B3B529548D6D003F2DD3 /* Debug */,
				DC18B3B629548D6D003F2DD3 /* Release */,
			);
			defaultConfigurationIsVisible = 0;
			defaultConfigurationName = Release;
		};
/* End XCConfigurationList section */
	};
	rootObject = DC18B39829548D6A003F2DD3 /* Project object */;
}
